// !$*UTF8*$!
{
	archiveVersion = 1;
	classes = {
	};
	objectVersion = 48;
	objects = {

/* Begin PBXBuildFile section */
		9C9F10EC1FDD15DE006CBA3A /* AppDelegate.m in Sources */ = {isa = PBXBuildFile; fileRef = 9C9F10EB1FDD15DE006CBA3A /* AppDelegate.m */; };
		9C9F10F41FDD15DE006CBA3A /* Assets.xcassets in Resources */ = {isa = PBXBuildFile; fileRef = 9C9F10F31FDD15DE006CBA3A /* Assets.xcassets */; };
		9C9F10F71FDD15DE006CBA3A /* LaunchScreen.storyboard in Resources */ = {isa = PBXBuildFile; fileRef = 9C9F10F51FDD15DE006CBA3A /* LaunchScreen.storyboard */; };
		9C9F10FA1FDD15DE006CBA3A /* main.m in Sources */ = {isa = PBXBuildFile; fileRef = 9C9F10F91FDD15DE006CBA3A /* main.m */; };
		9C9F11051FDD16DD006CBA3A /* ActivityViewController.m in Sources */ = {isa = PBXBuildFile; fileRef = 9C9F11041FDD16DD006CBA3A /* ActivityViewController.m */; };
		9C9F11091FDD207A006CBA3A /* ActivityModel.m in Sources */ = {isa = PBXBuildFile; fileRef = 9C9F11081FDD207A006CBA3A /* ActivityModel.m */; };
		9C9F110C1FDD2093006CBA3A /* ActorModel.m in Sources */ = {isa = PBXBuildFile; fileRef = 9C9F110B1FDD2093006CBA3A /* ActorModel.m */; };
		9C9F110F1FDD20DF006CBA3A /* RepositoryModel.m in Sources */ = {isa = PBXBuildFile; fileRef = 9C9F110E1FDD20DF006CBA3A /* RepositoryModel.m */; };
		9C9F11131FDD21E7006CBA3A /* ActivityCell.m in Sources */ = {isa = PBXBuildFile; fileRef = 9C9F11111FDD21E7006CBA3A /* ActivityCell.m */; };
		9C9F11141FDD21E7006CBA3A /* ActivityCell.xib in Resources */ = {isa = PBXBuildFile; fileRef = 9C9F11121FDD21E7006CBA3A /* ActivityCell.xib */; };
		AC149E34F99D477CE1215CCA /* libPods-MyCat.a in Frameworks */ = {isa = PBXBuildFile; fileRef = 5B26EAFDA3047A747D0EFD91 /* libPods-MyCat.a */; };
/* End PBXBuildFile section */

/* Begin PBXFileReference section */
		5B26EAFDA3047A747D0EFD91 /* libPods-MyCat.a */ = {isa = PBXFileReference; explicitFileType = archive.ar; includeInIndex = 0; path = "libPods-MyCat.a"; sourceTree = BUILT_PRODUCTS_DIR; };
		93E593C177A2F5E7B8DCE204 /* Pods-MyCat.release.xcconfig */ = {isa = PBXFileReference; includeInIndex = 1; lastKnownFileType = text.xcconfig; name = "Pods-MyCat.release.xcconfig"; path = "Pods/Target Support Files/Pods-MyCat/Pods-MyCat.release.xcconfig"; sourceTree = "<group>"; };
		9C9F10E71FDD15DE006CBA3A /* MyCat.app */ = {isa = PBXFileReference; explicitFileType = wrapper.application; includeInIndex = 0; path = MyCat.app; sourceTree = BUILT_PRODUCTS_DIR; };
		9C9F10EA1FDD15DE006CBA3A /* AppDelegate.h */ = {isa = PBXFileReference; lastKnownFileType = sourcecode.c.h; path = AppDelegate.h; sourceTree = "<group>"; };
		9C9F10EB1FDD15DE006CBA3A /* AppDelegate.m */ = {isa = PBXFileReference; lastKnownFileType = sourcecode.c.objc; path = AppDelegate.m; sourceTree = "<group>"; };
		9C9F10F31FDD15DE006CBA3A /* Assets.xcassets */ = {isa = PBXFileReference; lastKnownFileType = folder.assetcatalog; path = Assets.xcassets; sourceTree = "<group>"; };
		9C9F10F61FDD15DE006CBA3A /* Base */ = {isa = PBXFileReference; lastKnownFileType = file.storyboard; name = Base; path = Base.lproj/LaunchScreen.storyboard; sourceTree = "<group>"; };
		9C9F10F81FDD15DE006CBA3A /* Info.plist */ = {isa = PBXFileReference; lastKnownFileType = text.plist.xml; path = Info.plist; sourceTree = "<group>"; };
		9C9F10F91FDD15DE006CBA3A /* main.m */ = {isa = PBXFileReference; lastKnownFileType = sourcecode.c.objc; path = main.m; sourceTree = "<group>"; };
		9C9F11031FDD16DD006CBA3A /* ActivityViewController.h */ = {isa = PBXFileReference; lastKnownFileType = sourcecode.c.h; path = ActivityViewController.h; sourceTree = "<group>"; };
		9C9F11041FDD16DD006CBA3A /* ActivityViewController.m */ = {isa = PBXFileReference; lastKnownFileType = sourcecode.c.objc; path = ActivityViewController.m; sourceTree = "<group>"; };
		9C9F11071FDD207A006CBA3A /* ActivityModel.h */ = {isa = PBXFileReference; lastKnownFileType = sourcecode.c.h; path = ActivityModel.h; sourceTree = "<group>"; };
		9C9F11081FDD207A006CBA3A /* ActivityModel.m */ = {isa = PBXFileReference; lastKnownFileType = sourcecode.c.objc; path = ActivityModel.m; sourceTree = "<group>"; };
		9C9F110A1FDD2093006CBA3A /* ActorModel.h */ = {isa = PBXFileReference; lastKnownFileType = sourcecode.c.h; path = ActorModel.h; sourceTree = "<group>"; };
		9C9F110B1FDD2093006CBA3A /* ActorModel.m */ = {isa = PBXFileReference; lastKnownFileType = sourcecode.c.objc; path = ActorModel.m; sourceTree = "<group>"; };
		9C9F110D1FDD20DF006CBA3A /* RepositoryModel.h */ = {isa = PBXFileReference; lastKnownFileType = sourcecode.c.h; path = RepositoryModel.h; sourceTree = "<group>"; };
		9C9F110E1FDD20DF006CBA3A /* RepositoryModel.m */ = {isa = PBXFileReference; lastKnownFileType = sourcecode.c.objc; path = RepositoryModel.m; sourceTree = "<group>"; };
		9C9F11101FDD21E7006CBA3A /* ActivityCell.h */ = {isa = PBXFileReference; lastKnownFileType = sourcecode.c.h; path = ActivityCell.h; sourceTree = "<group>"; };
		9C9F11111FDD21E7006CBA3A /* ActivityCell.m */ = {isa = PBXFileReference; lastKnownFileType = sourcecode.c.objc; path = ActivityCell.m; sourceTree = "<group>"; };
		9C9F11121FDD21E7006CBA3A /* ActivityCell.xib */ = {isa = PBXFileReference; lastKnownFileType = file.xib; path = ActivityCell.xib; sourceTree = "<group>"; };
		9C9F11151FDD269C006CBA3A /* MyCat-PrefixHeader.pch */ = {isa = PBXFileReference; lastKnownFileType = sourcecode.c.h; path = "MyCat-PrefixHeader.pch"; sourceTree = "<group>"; };
		D7B6919DD4727321BCE18586 /* Pods-MyCat.debug.xcconfig */ = {isa = PBXFileReference; includeInIndex = 1; lastKnownFileType = text.xcconfig; name = "Pods-MyCat.debug.xcconfig"; path = "Pods/Target Support Files/Pods-MyCat/Pods-MyCat.debug.xcconfig"; sourceTree = "<group>"; };
/* End PBXFileReference section */

/* Begin PBXFrameworksBuildPhase section */
		9C9F10E41FDD15DE006CBA3A /* Frameworks */ = {
			isa = PBXFrameworksBuildPhase;
			buildActionMask = 2147483647;
			files = (
				AC149E34F99D477CE1215CCA /* libPods-MyCat.a in Frameworks */,
			);
			runOnlyForDeploymentPostprocessing = 0;
		};
/* End PBXFrameworksBuildPhase section */

/* Begin PBXGroup section */
		44ED2B896A18684D6E4AFFE0 /* Pods */ = {
			isa = PBXGroup;
			children = (
				D7B6919DD4727321BCE18586 /* Pods-MyCat.debug.xcconfig */,
				93E593C177A2F5E7B8DCE204 /* Pods-MyCat.release.xcconfig */,
			);
			name = Pods;
			sourceTree = "<group>";
		};
		9C9F10DE1FDD15DE006CBA3A = {
			isa = PBXGroup;
			children = (
				9C9F10E91FDD15DE006CBA3A /* MyCat */,
				9C9F10E81FDD15DE006CBA3A /* Products */,
				44ED2B896A18684D6E4AFFE0 /* Pods */,
				CC9301B41FBA9458356722BD /* Frameworks */,
			);
			sourceTree = "<group>";
		};
		9C9F10E81FDD15DE006CBA3A /* Products */ = {
			isa = PBXGroup;
			children = (
				9C9F10E71FDD15DE006CBA3A /* MyCat.app */,
			);
			name = Products;
			sourceTree = "<group>";
		};
		9C9F10E91FDD15DE006CBA3A /* MyCat */ = {
			isa = PBXGroup;
			children = (
				9C9F111B1FDD685F006CBA3A /* Util */,
				9C9F11061FDD1853006CBA3A /* Other */,
				9C9F11021FDD1656006CBA3A /* Controller */,
				9C9F11011FDD1649006CBA3A /* View */,
				9C9F11001FDD1636006CBA3A /* Model */,
				9C9F10EA1FDD15DE006CBA3A /* AppDelegate.h */,
				9C9F10EB1FDD15DE006CBA3A /* AppDelegate.m */,
				9C9F10F31FDD15DE006CBA3A /* Assets.xcassets */,
				9C9F10F51FDD15DE006CBA3A /* LaunchScreen.storyboard */,
				9C9F10F81FDD15DE006CBA3A /* Info.plist */,
				9C9F10F91FDD15DE006CBA3A /* main.m */,
			);
			path = MyCat;
			sourceTree = "<group>";
		};
		9C9F11001FDD1636006CBA3A /* Model */ = {
			isa = PBXGroup;
			children = (
				9C9F11071FDD207A006CBA3A /* ActivityModel.h */,
				9C9F11081FDD207A006CBA3A /* ActivityModel.m */,
				9C9F110A1FDD2093006CBA3A /* ActorModel.h */,
				9C9F110B1FDD2093006CBA3A /* ActorModel.m */,
				9C9F110D1FDD20DF006CBA3A /* RepositoryModel.h */,
				9C9F110E1FDD20DF006CBA3A /* RepositoryModel.m */,
			);
			path = Model;
			sourceTree = "<group>";
		};
		9C9F11011FDD1649006CBA3A /* View */ = {
			isa = PBXGroup;
			children = (
				9C9F11101FDD21E7006CBA3A /* ActivityCell.h */,
				9C9F11111FDD21E7006CBA3A /* ActivityCell.m */,
				9C9F11121FDD21E7006CBA3A /* ActivityCell.xib */,
			);
			path = View;
			sourceTree = "<group>";
		};
		9C9F11021FDD1656006CBA3A /* Controller */ = {
			isa = PBXGroup;
			children = (
				9C9F11031FDD16DD006CBA3A /* ActivityViewController.h */,
				9C9F11041FDD16DD006CBA3A /* ActivityViewController.m */,
			);
			path = Controller;
			sourceTree = "<group>";
		};
		9C9F11061FDD1853006CBA3A /* Other */ = {
			isa = PBXGroup;
			children = (
				9C9F11151FDD269C006CBA3A /* MyCat-PrefixHeader.pch */,
			);
			path = Other;
			sourceTree = "<group>";
		};
		9C9F111B1FDD685F006CBA3A /* Util */ = {
			isa = PBXGroup;
			children = (
			);
			path = Util;
			sourceTree = "<group>";
		};
		CC9301B41FBA9458356722BD /* Frameworks */ = {
			isa = PBXGroup;
			children = (
				5B26EAFDA3047A747D0EFD91 /* libPods-MyCat.a */,
			);
			name = Frameworks;
			sourceTree = "<group>";
		};
/* End PBXGroup section */

/* Begin PBXNativeTarget section */
		9C9F10E61FDD15DE006CBA3A /* MyCat */ = {
			isa = PBXNativeTarget;
			buildConfigurationList = 9C9F10FD1FDD15DE006CBA3A /* Build configuration list for PBXNativeTarget "MyCat" */;
			buildPhases = (
				F45FB31677A6A5B882337152 /* [CP] Check Pods Manifest.lock */,
				9C9F10E31FDD15DE006CBA3A /* Sources */,
				9C9F10E41FDD15DE006CBA3A /* Frameworks */,
				9C9F10E51FDD15DE006CBA3A /* Resources */,
				2D4EE05D6FC48BD8A397224E /* [CP] Embed Pods Frameworks */,
				EC06969FC60FA1FA1E075871 /* [CP] Copy Pods Resources */,
			);
			buildRules = (
			);
			dependencies = (
			);
			name = MyCat;
			productName = MyCat;
			productReference = 9C9F10E71FDD15DE006CBA3A /* MyCat.app */;
			productType = "com.apple.product-type.application";
		};
/* End PBXNativeTarget section */

/* Begin PBXProject section */
		9C9F10DF1FDD15DE006CBA3A /* Project object */ = {
			isa = PBXProject;
			attributes = {
				LastUpgradeCheck = 0910;
				ORGANIZATIONNAME = damoness;
				TargetAttributes = {
					9C9F10E61FDD15DE006CBA3A = {
						CreatedOnToolsVersion = 9.1;
						ProvisioningStyle = Automatic;
					};
				};
			};
			buildConfigurationList = 9C9F10E21FDD15DE006CBA3A /* Build configuration list for PBXProject "MyCat" */;
			compatibilityVersion = "Xcode 8.0";
			developmentRegion = en;
			hasScannedForEncodings = 0;
			knownRegions = (
				en,
				Base,
			);
			mainGroup = 9C9F10DE1FDD15DE006CBA3A;
			productRefGroup = 9C9F10E81FDD15DE006CBA3A /* Products */;
			projectDirPath = "";
			projectRoot = "";
			targets = (
				9C9F10E61FDD15DE006CBA3A /* MyCat */,
			);
		};
/* End PBXProject section */

/* Begin PBXResourcesBuildPhase section */
		9C9F10E51FDD15DE006CBA3A /* Resources */ = {
			isa = PBXResourcesBuildPhase;
			buildActionMask = 2147483647;
			files = (
				9C9F10F71FDD15DE006CBA3A /* LaunchScreen.storyboard in Resources */,
				9C9F11141FDD21E7006CBA3A /* ActivityCell.xib in Resources */,
				9C9F10F41FDD15DE006CBA3A /* Assets.xcassets in Resources */,
			);
			runOnlyForDeploymentPostprocessing = 0;
		};
/* End PBXResourcesBuildPhase section */

/* Begin PBXShellScriptBuildPhase section */
		2D4EE05D6FC48BD8A397224E /* [CP] Embed Pods Frameworks */ = {
			isa = PBXShellScriptBuildPhase;
			buildActionMask = 2147483647;
			files = (
			);
			inputPaths = (
			);
			name = "[CP] Embed Pods Frameworks";
			outputPaths = (
			);
			runOnlyForDeploymentPostprocessing = 0;
			shellPath = /bin/sh;
			shellScript = "\"${SRCROOT}/Pods/Target Support Files/Pods-MyCat/Pods-MyCat-frameworks.sh\"\n";
			showEnvVarsInLog = 0;
		};
		EC06969FC60FA1FA1E075871 /* [CP] Copy Pods Resources */ = {
			isa = PBXShellScriptBuildPhase;
			buildActionMask = 2147483647;
			files = (
			);
			inputPaths = (
				"${SRCROOT}/Pods/Target Support Files/Pods-MyCat/Pods-MyCat-resources.sh",
				"${PODS_ROOT}/IQKeyboardManager/IQKeyboardManager/Resources/IQKeyboardManager.bundle",
				"${PODS_ROOT}/MJRefresh/MJRefresh/MJRefresh.bundle",
			);
			name = "[CP] Copy Pods Resources";
			outputPaths = (
				"${TARGET_BUILD_DIR}/${UNLOCALIZED_RESOURCES_FOLDER_PATH}",
			);
			runOnlyForDeploymentPostprocessing = 0;
			shellPath = /bin/sh;
			shellScript = "\"${SRCROOT}/Pods/Target Support Files/Pods-MyCat/Pods-MyCat-resources.sh\"\n";
			showEnvVarsInLog = 0;
		};
		F45FB31677A6A5B882337152 /* [CP] Check Pods Manifest.lock */ = {
			isa = PBXShellScriptBuildPhase;
			buildActionMask = 2147483647;
			files = (
			);
			inputPaths = (
				"${PODS_PODFILE_DIR_PATH}/Podfile.lock",
				"${PODS_ROOT}/Manifest.lock",
			);
			name = "[CP] Check Pods Manifest.lock";
			outputPaths = (
				"$(DERIVED_FILE_DIR)/Pods-MyCat-checkManifestLockResult.txt",
			);
			runOnlyForDeploymentPostprocessing = 0;
			shellPath = /bin/sh;
			shellScript = "diff \"${PODS_PODFILE_DIR_PATH}/Podfile.lock\" \"${PODS_ROOT}/Manifest.lock\" > /dev/null\nif [ $? != 0 ] ; then\n    # print error to STDERR\n    echo \"error: The sandbox is not in sync with the Podfile.lock. Run 'pod install' or update your CocoaPods installation.\" >&2\n    exit 1\nfi\n# This output is used by Xcode 'outputs' to avoid re-running this script phase.\necho \"SUCCESS\" > \"${SCRIPT_OUTPUT_FILE_0}\"\n";
			showEnvVarsInLog = 0;
		};
/* End PBXShellScriptBuildPhase section */

/* Begin PBXSourcesBuildPhase section */
		9C9F10E31FDD15DE006CBA3A /* Sources */ = {
			isa = PBXSourcesBuildPhase;
			buildActionMask = 2147483647;
			files = (
				9C9F11091FDD207A006CBA3A /* ActivityModel.m in Sources */,
				9C9F10FA1FDD15DE006CBA3A /* main.m in Sources */,
				9C9F11051FDD16DD006CBA3A /* ActivityViewController.m in Sources */,
				9C9F110F1FDD20DF006CBA3A /* RepositoryModel.m in Sources */,
				9C9F10EC1FDD15DE006CBA3A /* AppDelegate.m in Sources */,
				9C9F11131FDD21E7006CBA3A /* ActivityCell.m in Sources */,
				9C9F110C1FDD2093006CBA3A /* ActorModel.m in Sources */,
			);
			runOnlyForDeploymentPostprocessing = 0;
		};
/* End PBXSourcesBuildPhase section */

/* Begin PBXVariantGroup section */
		9C9F10F51FDD15DE006CBA3A /* LaunchScreen.storyboard */ = {
			isa = PBXVariantGroup;
			children = (
				9C9F10F61FDD15DE006CBA3A /* Base */,
			);
			name = LaunchScreen.storyboard;
			sourceTree = "<group>";
		};
/* End PBXVariantGroup section */

/* Begin XCBuildConfiguration section */
		9C9F10FB1FDD15DE006CBA3A /* Debug */ = {
			isa = XCBuildConfiguration;
			buildSettings = {
				ALWAYS_SEARCH_USER_PATHS = NO;
				CLANG_ANALYZER_NONNULL = YES;
				CLANG_ANALYZER_NUMBER_OBJECT_CONVERSION = YES_AGGRESSIVE;
				CLANG_CXX_LANGUAGE_STANDARD = "gnu++14";
				CLANG_CXX_LIBRARY = "libc++";
				CLANG_ENABLE_MODULES = YES;
				CLANG_ENABLE_OBJC_ARC = YES;
				CLANG_WARN_BLOCK_CAPTURE_AUTORELEASING = YES;
				CLANG_WARN_BOOL_CONVERSION = YES;
				CLANG_WARN_COMMA = YES;
				CLANG_WARN_CONSTANT_CONVERSION = YES;
				CLANG_WARN_DIRECT_OBJC_ISA_USAGE = YES_ERROR;
				CLANG_WARN_DOCUMENTATION_COMMENTS = YES;
				CLANG_WARN_EMPTY_BODY = YES;
				CLANG_WARN_ENUM_CONVERSION = YES;
				CLANG_WARN_INFINITE_RECURSION = YES;
				CLANG_WARN_INT_CONVERSION = YES;
				CLANG_WARN_NON_LITERAL_NULL_CONVERSION = YES;
				CLANG_WARN_OBJC_LITERAL_CONVERSION = YES;
				CLANG_WARN_OBJC_ROOT_CLASS = YES_ERROR;
				CLANG_WARN_RANGE_LOOP_ANALYSIS = YES;
				CLANG_WARN_STRICT_PROTOTYPES = YES;
				CLANG_WARN_SUSPICIOUS_MOVE = YES;
				CLANG_WARN_UNGUARDED_AVAILABILITY = YES_AGGRESSIVE;
				CLANG_WARN_UNREACHABLE_CODE = YES;
				CLANG_WARN__DUPLICATE_METHOD_MATCH = YES;
				CODE_SIGN_IDENTITY = "iPhone Developer";
				COPY_PHASE_STRIP = NO;
				DEBUG_INFORMATION_FORMAT = dwarf;
				ENABLE_STRICT_OBJC_MSGSEND = YES;
				ENABLE_TESTABILITY = YES;
				GCC_C_LANGUAGE_STANDARD = gnu11;
				GCC_DYNAMIC_NO_PIC = NO;
				GCC_NO_COMMON_BLOCKS = YES;
				GCC_OPTIMIZATION_LEVEL = 0;
				GCC_PREPROCESSOR_DEFINITIONS = (
					"DEBUG=1",
					"$(inherited)",
				);
				GCC_WARN_64_TO_32_BIT_CONVERSION = YES;
				GCC_WARN_ABOUT_RETURN_TYPE = YES_ERROR;
				GCC_WARN_UNDECLARED_SELECTOR = YES;
				GCC_WARN_UNINITIALIZED_AUTOS = YES_AGGRESSIVE;
				GCC_WARN_UNUSED_FUNCTION = YES;
				GCC_WARN_UNUSED_VARIABLE = YES;
				IPHONEOS_DEPLOYMENT_TARGET = 11.1;
				MTL_ENABLE_DEBUG_INFO = YES;
				ONLY_ACTIVE_ARCH = YES;
				SDKROOT = iphoneos;
			};
			name = Debug;
		};
		9C9F10FC1FDD15DE006CBA3A /* Release */ = {
			isa = XCBuildConfiguration;
			buildSettings = {
				ALWAYS_SEARCH_USER_PATHS = NO;
				CLANG_ANALYZER_NONNULL = YES;
				CLANG_ANALYZER_NUMBER_OBJECT_CONVERSION = YES_AGGRESSIVE;
				CLANG_CXX_LANGUAGE_STANDARD = "gnu++14";
				CLANG_CXX_LIBRARY = "libc++";
				CLANG_ENABLE_MODULES = YES;
				CLANG_ENABLE_OBJC_ARC = YES;
				CLANG_WARN_BLOCK_CAPTURE_AUTORELEASING = YES;
				CLANG_WARN_BOOL_CONVERSION = YES;
				CLANG_WARN_COMMA = YES;
				CLANG_WARN_CONSTANT_CONVERSION = YES;
				CLANG_WARN_DIRECT_OBJC_ISA_USAGE = YES_ERROR;
				CLANG_WARN_DOCUMENTATION_COMMENTS = YES;
				CLANG_WARN_EMPTY_BODY = YES;
				CLANG_WARN_ENUM_CONVERSION = YES;
				CLANG_WARN_INFINITE_RECURSION = YES;
				CLANG_WARN_INT_CONVERSION = YES;
				CLANG_WARN_NON_LITERAL_NULL_CONVERSION = YES;
				CLANG_WARN_OBJC_LITERAL_CONVERSION = YES;
				CLANG_WARN_OBJC_ROOT_CLASS = YES_ERROR;
				CLANG_WARN_RANGE_LOOP_ANALYSIS = YES;
				CLANG_WARN_STRICT_PROTOTYPES = YES;
				CLANG_WARN_SUSPICIOUS_MOVE = YES;
				CLANG_WARN_UNGUARDED_AVAILABILITY = YES_AGGRESSIVE;
				CLANG_WARN_UNREACHABLE_CODE = YES;
				CLANG_WARN__DUPLICATE_METHOD_MATCH = YES;
				CODE_SIGN_IDENTITY = "iPhone Developer";
				COPY_PHASE_STRIP = NO;
				DEBUG_INFORMATION_FORMAT = "dwarf-with-dsym";
				ENABLE_NS_ASSERTIONS = NO;
				ENABLE_STRICT_OBJC_MSGSEND = YES;
				GCC_C_LANGUAGE_STANDARD = gnu11;
				GCC_NO_COMMON_BLOCKS = YES;
				GCC_WARN_64_TO_32_BIT_CONVERSION = YES;
				GCC_WARN_ABOUT_RETURN_TYPE = YES_ERROR;
				GCC_WARN_UNDECLARED_SELECTOR = YES;
				GCC_WARN_UNINITIALIZED_AUTOS = YES_AGGRESSIVE;
				GCC_WARN_UNUSED_FUNCTION = YES;
				GCC_WARN_UNUSED_VARIABLE = YES;
				IPHONEOS_DEPLOYMENT_TARGET = 11.1;
				MTL_ENABLE_DEBUG_INFO = NO;
				SDKROOT = iphoneos;
				VALIDATE_PRODUCT = YES;
			};
			name = Release;
		};
		9C9F10FE1FDD15DE006CBA3A /* Debug */ = {
			isa = XCBuildConfiguration;
			baseConfigurationReference = D7B6919DD4727321BCE18586 /* Pods-MyCat.debug.xcconfig */;
			buildSettings = {
				ASSETCATALOG_COMPILER_APPICON_NAME = AppIcon;
				"CODE_SIGN_IDENTITY[sdk=iphoneos*]" = "iPhone Developer";
				CODE_SIGN_STYLE = Automatic;
				DEVELOPMENT_TEAM = GU4W9ED44R;
				GCC_PRECOMPILE_PREFIX_HEADER = YES;
				GCC_PREFIX_HEADER = "MyCat/Other/MyCat-PrefixHeader.pch";
				INFOPLIST_FILE = MyCat/Info.plist;
				IPHONEOS_DEPLOYMENT_TARGET = 9.3;
				LD_RUNPATH_SEARCH_PATHS = "$(inherited) @executable_path/Frameworks";
				PRODUCT_BUNDLE_IDENTIFIER = cn.damoness.app.MyCat;
				PRODUCT_NAME = "$(TARGET_NAME)";
				PROVISIONING_PROFILE_SPECIFIER = "";
				TARGETED_DEVICE_FAMILY = "1,2";
			};
			name = Debug;
		};
		9C9F10FF1FDD15DE006CBA3A /* Release */ = {
			isa = XCBuildConfiguration;
			baseConfigurationReference = 93E593C177A2F5E7B8DCE204 /* Pods-MyCat.release.xcconfig */;
			buildSettings = {
				ASSETCATALOG_COMPILER_APPICON_NAME = AppIcon;
				"CODE_SIGN_IDENTITY[sdk=iphoneos*]" = "iPhone Developer";
				CODE_SIGN_STYLE = Automatic;
				DEVELOPMENT_TEAM = GU4W9ED44R;
				GCC_PRECOMPILE_PREFIX_HEADER = YES;
				GCC_PREFIX_HEADER = "MyCat/Other/MyCat-PrefixHeader.pch";
				INFOPLIST_FILE = MyCat/Info.plist;
				IPHONEOS_DEPLOYMENT_TARGET = 9.3;
				LD_RUNPATH_SEARCH_PATHS = "$(inherited) @executable_path/Frameworks";
				PRODUCT_BUNDLE_IDENTIFIER = cn.damoness.app.MyCat;
				PRODUCT_NAME = "$(TARGET_NAME)";
				PROVISIONING_PROFILE_SPECIFIER = "";
				TARGETED_DEVICE_FAMILY = "1,2";
			};
			name = Release;
		};
/* End XCBuildConfiguration section */

/* Begin XCConfigurationList section */
		9C9F10E21FDD15DE006CBA3A /* Build configuration list for PBXProject "MyCat" */ = {
			isa = XCConfigurationList;
			buildConfigurations = (
				9C9F10FB1FDD15DE006CBA3A /* Debug */,
				9C9F10FC1FDD15DE006CBA3A /* Release */,
			);
			defaultConfigurationIsVisible = 0;
			defaultConfigurationName = Release;
		};
		9C9F10FD1FDD15DE006CBA3A /* Build configuration list for PBXNativeTarget "MyCat" */ = {
			isa = XCConfigurationList;
			buildConfigurations = (
				9C9F10FE1FDD15DE006CBA3A /* Debug */,
				9C9F10FF1FDD15DE006CBA3A /* Release */,
			);
			defaultConfigurationIsVisible = 0;
			defaultConfigurationName = Release;
		};
/* End XCConfigurationList section */
	};
	rootObject = 9C9F10DF1FDD15DE006CBA3A /* Project object */;
}
